
Microsoft Visual Studio Solution File, Format Version 12.00
# Visual Studio Version 16
VisualStudioVersion = 16.0.29324.140
MinimumVisualStudioVersion = 10.0.40219.1
Project("{2150E333-8FDC-42A3-9474-1A3956D46DE8}") = "Domain", "Domain", "{3D7F6B56-51BF-481D-B367-2C10AFB3D98F}"
EndProject
Project("{2150E333-8FDC-42A3-9474-1A3956D46DE8}") = "Infra.Bus", "Infra.Bus", "{D7075738-1589-4C3E-B946-FA3210E8B54A}"
EndProject
Project("{2150E333-8FDC-42A3-9474-1A3956D46DE8}") = "Infra.IoC", "Infra.IoC", "{CF0F81F2-5919-4CD0-89E7-E94AAD228F4B}"
EndProject
Project("{2150E333-8FDC-42A3-9474-1A3956D46DE8}") = "Microservices", "Microservices", "{20268774-0999-4CB5-94D7-BD24574062BB}"
EndProject
Project("{2150E333-8FDC-42A3-9474-1A3956D46DE8}") = "Presentation", "Presentation", "{286A2DC1-15CE-4AEF-8FAB-FC4AD4101D8C}"
EndProject
Project("{FAE04EC0-301F-11D3-BF4B-00C04F79EFBC}") = "MicroRabbit.Domain.Core", "MicroRabbit.Domain.Core\MicroRabbit.Domain.Core.csproj", "{1848B145-CA30-46AF-AD06-1E11B6C8AAB8}"
EndProject
Project("{FAE04EC0-301F-11D3-BF4B-00C04F79EFBC}") = "MicroRabbit.Infra.Bus", "MicroRabbit.Infra.Bus\MicroRabbit.Infra.Bus.csproj", "{272D95D6-4257-40A5-8AD6-9F154EFA1B8C}"
EndProject
Project("{FAE04EC0-301F-11D3-BF4B-00C04F79EFBC}") = "MicroRabbit.Infra.IoC", "MicroRabbit.Infra.IoC\MicroRabbit.Infra.IoC.csproj", "{B1561BCC-1D95-4E80-B816-4D75EC6A8946}"
EndProject
Project("{2150E333-8FDC-42A3-9474-1A3956D46DE8}") = "Banking", "Banking", "{5B10DE78-1F2D-4FEE-924D-645DC58915FD}"
EndProject
Project("{2150E333-8FDC-42A3-9474-1A3956D46DE8}") = "Api", "Api", "{CF0FB475-40E3-42AF-81B2-F3A4B12398CD}"
EndProject
Project("{2150E333-8FDC-42A3-9474-1A3956D46DE8}") = "Domain", "Domain", "{BD78CF71-06F1-4DBB-9F4F-4AFA0C595B55}"
EndProject
Project("{2150E333-8FDC-42A3-9474-1A3956D46DE8}") = "Application", "Application", "{E0D83143-D942-47D9-8AB3-ACEDF342432F}"
EndProject
Project("{2150E333-8FDC-42A3-9474-1A3956D46DE8}") = "Data", "Data", "{2265E5A0-FC10-4119-B2ED-63B88CCBDFFB}"
EndProject
Project("{FAE04EC0-301F-11D3-BF4B-00C04F79EFBC}") = "MicroRabbit.Banking.Application", "MicroRabbit.Banking.Application\MicroRabbit.Banking.Application.csproj", "{F829720F-210C-45DE-AC2D-59308D5ED0BA}"
EndProject
Project("{FAE04EC0-301F-11D3-BF4B-00C04F79EFBC}") = "MicroRabbit.Banking.Data", "MicroRabbit.Banking.Data\MicroRabbit.Banking.Data.csproj", "{1B081902-2923-44C7-89EA-55CB64C72AC3}"
EndProject
Project("{FAE04EC0-301F-11D3-BF4B-00C04F79EFBC}") = "MicroRabbit.Banking.Domain", "MicroRabbit.Banking.Domain\MicroRabbit.Banking.Domain.csproj", "{61BF2BEF-6C52-494D-8D6A-FFAF19BA4326}"
EndProject
Project("{FAE04EC0-301F-11D3-BF4B-00C04F79EFBC}") = "MicroRabbit.Banking.Api", "MicroRabbit.Banking.Api\MicroRabbit.Banking.Api.csproj", "{697A1A8A-AC53-417F-A509-D62099A5CE85}"
EndProject
Project("{2150E333-8FDC-42A3-9474-1A3956D46DE8}") = "Transfer", "Transfer", "{3A1345C7-762F-4ED7-BCFB-5C7832AA5EB8}"
EndProject
Project("{2150E333-8FDC-42A3-9474-1A3956D46DE8}") = "Api", "Api", "{A8668C85-F94E-4303-B156-E9164D759FDA}"
EndProject
Project("{2150E333-8FDC-42A3-9474-1A3956D46DE8}") = "Application", "Application", "{6D4FBC46-4129-4A13-BE91-5FE6F593DF70}"
EndProject
Project("{2150E333-8FDC-42A3-9474-1A3956D46DE8}") = "Data", "Data", "{D33E9A86-84C7-49C8-9F3D-099FE0A1D143}"
EndProject
Project("{2150E333-8FDC-42A3-9474-1A3956D46DE8}") = "Domain", "Domain", "{6640CC21-155C-434E-955D-44F1E861DFFA}"
EndProject
Project("{FAE04EC0-301F-11D3-BF4B-00C04F79EFBC}") = "MicroRabbit.Transfer.Api", "MicroRabbit.Transfer.Api\MicroRabbit.Transfer.Api.csproj", "{1E148F0B-A85F-4AA0-9C4C-F1A8FE7A877B}"
EndProject
Project("{FAE04EC0-301F-11D3-BF4B-00C04F79EFBC}") = "MicroRabbit.Transfer.Application", "MicroRabbit.Transfer.Application\MicroRabbit.Transfer.Application.csproj", "{4633111C-03C1-490D-97F0-489ED377C1F0}"
EndProject
Project("{FAE04EC0-301F-11D3-BF4B-00C04F79EFBC}") = "MicroRabbit.Transfer.Data", "MicroRabbit.Transfer.Data\MicroRabbit.Transfer.Data.csproj", "{7C31BE1B-0CD4-4607-9F83-57AD7BFAB452}"
EndProject
Project("{FAE04EC0-301F-11D3-BF4B-00C04F79EFBC}") = "MicroRabbit.Transfer.Domain", "MicroRabbit.Transfer.Domain\MicroRabbit.Transfer.Domain.csproj", "{2610F6AF-173A-449E-8DA0-748EF691E1F2}"
EndProject
Global
	GlobalSection(SolutionConfigurationPlatforms) = preSolution
		Debug|Any CPU = Debug|Any CPU
		Release|Any CPU = Release|Any CPU
	EndGlobalSection
	GlobalSection(ProjectConfigurationPlatforms) = postSolution
		{1848B145-CA30-46AF-AD06-1E11B6C8AAB8}.Debug|Any CPU.ActiveCfg = Debug|Any CPU
		{1848B145-CA30-46AF-AD06-1E11B6C8AAB8}.Debug|Any CPU.Build.0 = Debug|Any CPU
		{1848B145-CA30-46AF-AD06-1E11B6C8AAB8}.Release|Any CPU.ActiveCfg = Release|Any CPU
		{1848B145-CA30-46AF-AD06-1E11B6C8AAB8}.Release|Any CPU.Build.0 = Release|Any CPU
		{272D95D6-4257-40A5-8AD6-9F154EFA1B8C}.Debug|Any CPU.ActiveCfg = Debug|Any CPU
		{272D95D6-4257-40A5-8AD6-9F154EFA1B8C}.Debug|Any CPU.Build.0 = Debug|Any CPU
		{272D95D6-4257-40A5-8AD6-9F154EFA1B8C}.Release|Any CPU.ActiveCfg = Release|Any CPU
		{272D95D6-4257-40A5-8AD6-9F154EFA1B8C}.Release|Any CPU.Build.0 = Release|Any CPU
		{B1561BCC-1D95-4E80-B816-4D75EC6A8946}.Debug|Any CPU.ActiveCfg = Debug|Any CPU
		{B1561BCC-1D95-4E80-B816-4D75EC6A8946}.Debug|Any CPU.Build.0 = Debug|Any CPU
		{B1561BCC-1D95-4E80-B816-4D75EC6A8946}.Release|Any CPU.ActiveCfg = Release|Any CPU
		{B1561BCC-1D95-4E80-B816-4D75EC6A8946}.Release|Any CPU.Build.0 = Release|Any CPU
		{F829720F-210C-45DE-AC2D-59308D5ED0BA}.Debug|Any CPU.ActiveCfg = Debug|Any CPU
		{F829720F-210C-45DE-AC2D-59308D5ED0BA}.Debug|Any CPU.Build.0 = Debug|Any CPU
		{F829720F-210C-45DE-AC2D-59308D5ED0BA}.Release|Any CPU.ActiveCfg = Release|Any CPU
		{F829720F-210C-45DE-AC2D-59308D5ED0BA}.Release|Any CPU.Build.0 = Release|Any CPU
		{1B081902-2923-44C7-89EA-55CB64C72AC3}.Debug|Any CPU.ActiveCfg = Debug|Any CPU
		{1B081902-2923-44C7-89EA-55CB64C72AC3}.Debug|Any CPU.Build.0 = Debug|Any CPU
		{1B081902-2923-44C7-89EA-55CB64C72AC3}.Release|Any CPU.ActiveCfg = Release|Any CPU
		{1B081902-2923-44C7-89EA-55CB64C72AC3}.Release|Any CPU.Build.0 = Release|Any CPU
		{61BF2BEF-6C52-494D-8D6A-FFAF19BA4326}.Debug|Any CPU.ActiveCfg = Debug|Any CPU
		{61BF2BEF-6C52-494D-8D6A-FFAF19BA4326}.Debug|Any CPU.Build.0 = Debug|Any CPU
		{61BF2BEF-6C52-494D-8D6A-FFAF19BA4326}.Release|Any CPU.ActiveCfg = Release|Any CPU
		{61BF2BEF-6C52-494D-8D6A-FFAF19BA4326}.Release|Any CPU.Build.0 = Release|Any CPU
		{697A1A8A-AC53-417F-A509-D62099A5CE85}.Debug|Any CPU.ActiveCfg = Debug|Any CPU
		{697A1A8A-AC53-417F-A509-D62099A5CE85}.Debug|Any CPU.Build.0 = Debug|Any CPU
		{697A1A8A-AC53-417F-A509-D62099A5CE85}.Release|Any CPU.ActiveCfg = Release|Any CPU
		{697A1A8A-AC53-417F-A509-D62099A5CE85}.Release|Any CPU.Build.0 = Release|Any CPU
		{1E148F0B-A85F-4AA0-9C4C-F1A8FE7A877B}.Debug|Any CPU.ActiveCfg = Debug|Any CPU
		{1E148F0B-A85F-4AA0-9C4C-F1A8FE7A877B}.Debug|Any CPU.Build.0 = Debug|Any CPU
		{1E148F0B-A85F-4AA0-9C4C-F1A8FE7A877B}.Release|Any CPU.ActiveCfg = Release|Any CPU
		{1E148F0B-A85F-4AA0-9C4C-F1A8FE7A877B}.Release|Any CPU.Build.0 = Release|Any CPU
		{4633111C-03C1-490D-97F0-489ED377C1F0}.Debug|Any CPU.ActiveCfg = Debug|Any CPU
		{4633111C-03C1-490D-97F0-489ED377C1F0}.Debug|Any CPU.Build.0 = Debug|Any CPU
		{4633111C-03C1-490D-97F0-489ED377C1F0}.Release|Any CPU.ActiveCfg = Release|Any CPU
		{4633111C-03C1-490D-97F0-489ED377C1F0}.Release|Any CPU.Build.0 = Release|Any CPU
		{7C31BE1B-0CD4-4607-9F83-57AD7BFAB452}.Debug|Any CPU.ActiveCfg = Debug|Any CPU
		{7C31BE1B-0CD4-4607-9F83-57AD7BFAB452}.Debug|Any CPU.Build.0 = Debug|Any CPU
		{7C31BE1B-0CD4-4607-9F83-57AD7BFAB452}.Release|Any CPU.ActiveCfg = Release|Any CPU
		{7C31BE1B-0CD4-4607-9F83-57AD7BFAB452}.Release|Any CPU.Build.0 = Release|Any CPU
		{2610F6AF-173A-449E-8DA0-748EF691E1F2}.Debug|Any CPU.ActiveCfg = Debug|Any CPU
		{2610F6AF-173A-449E-8DA0-748EF691E1F2}.Debug|Any CPU.Build.0 = Debug|Any CPU
		{2610F6AF-173A-449E-8DA0-748EF691E1F2}.Release|Any CPU.ActiveCfg = Release|Any CPU
		{2610F6AF-173A-449E-8DA0-748EF691E1F2}.Release|Any CPU.Build.0 = Release|Any CPU
	EndGlobalSection
	GlobalSection(SolutionProperties) = preSolution
		HideSolutionNode = FALSE
	EndGlobalSection
	GlobalSection(NestedProjects) = preSolution
		{1848B145-CA30-46AF-AD06-1E11B6C8AAB8} = {3D7F6B56-51BF-481D-B367-2C10AFB3D98F}
		{272D95D6-4257-40A5-8AD6-9F154EFA1B8C} = {D7075738-1589-4C3E-B946-FA3210E8B54A}
		{B1561BCC-1D95-4E80-B816-4D75EC6A8946} = {CF0F81F2-5919-4CD0-89E7-E94AAD228F4B}
		{5B10DE78-1F2D-4FEE-924D-645DC58915FD} = {20268774-0999-4CB5-94D7-BD24574062BB}
		{CF0FB475-40E3-42AF-81B2-F3A4B12398CD} = {5B10DE78-1F2D-4FEE-924D-645DC58915FD}
		{BD78CF71-06F1-4DBB-9F4F-4AFA0C595B55} = {5B10DE78-1F2D-4FEE-924D-645DC58915FD}
		{E0D83143-D942-47D9-8AB3-ACEDF342432F} = {5B10DE78-1F2D-4FEE-924D-645DC58915FD}
		{2265E5A0-FC10-4119-B2ED-63B88CCBDFFB} = {5B10DE78-1F2D-4FEE-924D-645DC58915FD}
		{F829720F-210C-45DE-AC2D-59308D5ED0BA} = {E0D83143-D942-47D9-8AB3-ACEDF342432F}
		{1B081902-2923-44C7-89EA-55CB64C72AC3} = {2265E5A0-FC10-4119-B2ED-63B88CCBDFFB}
		{61BF2BEF-6C52-494D-8D6A-FFAF19BA4326} = {BD78CF71-06F1-4DBB-9F4F-4AFA0C595B55}
		{697A1A8A-AC53-417F-A509-D62099A5CE85} = {CF0FB475-40E3-42AF-81B2-F3A4B12398CD}
		{3A1345C7-762F-4ED7-BCFB-5C7832AA5EB8} = {20268774-0999-4CB5-94D7-BD24574062BB}
		{A8668C85-F94E-4303-B156-E9164D759FDA} = {3A1345C7-762F-4ED7-BCFB-5C7832AA5EB8}
		{6D4FBC46-4129-4A13-BE91-5FE6F593DF70} = {3A1345C7-762F-4ED7-BCFB-5C7832AA5EB8}
		{D33E9A86-84C7-49C8-9F3D-099FE0A1D143} = {3A1345C7-762F-4ED7-BCFB-5C7832AA5EB8}
		{6640CC21-155C-434E-955D-44F1E861DFFA} = {3A1345C7-762F-4ED7-BCFB-5C7832AA5EB8}
		{1E148F0B-A85F-4AA0-9C4C-F1A8FE7A877B} = {A8668C85-F94E-4303-B156-E9164D759FDA}
		{4633111C-03C1-490D-97F0-489ED377C1F0} = {6D4FBC46-4129-4A13-BE91-5FE6F593DF70}
		{7C31BE1B-0CD4-4607-9F83-57AD7BFAB452} = {D33E9A86-84C7-49C8-9F3D-099FE0A1D143}
		{2610F6AF-173A-449E-8DA0-748EF691E1F2} = {6640CC21-155C-434E-955D-44F1E861DFFA}
	EndGlobalSection
	GlobalSection(ExtensibilityGlobals) = postSolution
		SolutionGuid = {77B0C1E6-D5A1-4D14-8165-51215A94C430}
	EndGlobalSection
EndGlobal
